
Microsoft Visual Studio Solution File, Format Version 12.00
# Visual Studio Version 17
VisualStudioVersion = 17.9.34728.123
MinimumVisualStudioVersion = 10.0.40219.1
Project("{FAE04EC0-301F-11D3-BF4B-00C04F79EFBC}") = "API", "API\API.csproj", "{2A2C7E5B-66D6-4281-8167-49D3464A4BE2}"
EndProject
Global
	GlobalSection(SolutionConfigurationPlatforms) = preSolution
		Debug|Any CPU = Debug|Any CPU
		Release|Any CPU = Release|Any CPU
	EndGlobalSection
	GlobalSection(ProjectConfigurationPlatforms) = postSolution
		{2A2C7E5B-66D6-4281-8167-49D3464A4BE2}.Debug|Any CPU.ActiveCfg = Debug|Any CPU
		{2A2C7E5B-66D6-4281-8167-49D3464A4BE2}.Debug|Any CPU.Build.0 = Debug|Any CPU
		{2A2C7E5B-66D6-4281-8167-49D3464A4BE2}.Release|Any CPU.ActiveCfg = Release|Any CPU
		{2A2C7E5B-66D6-4281-8167-49D3464A4BE2}.Release|Any CPU.Build.0 = Release|Any CPU
	EndGlobalSection
	GlobalSection(SolutionProperties) = preSolution
		HideSolutionNode = FALSE
	EndGlobalSection
	GlobalSection(ExtensibilityGlobals) = postSolution
		SolutionGuid = {98B709FA-7EEA-4609-A819-CD20C73F4D80}
	EndGlobalSection
EndGlobal
